dependencies:
- name: openreports
  repository: https://openreports.github.io/reports-api
  version: 0.2.1
- name: policy-reporter
  repository: https://kyverno.github.io/policy-reporter
  version: 3.8.1
digest: sha256:b38f4edf42f85565e0cdf18c2e0196eea024a70763c2022ce82420558f20b199
generated: "2026-07-13T04:39:42.208831154Z"
