dependencies:
- name: openreports
  repository: https://openreports.github.io/reports-api
  version: 0.2.1
- name: policy-reporter
  repository: https://kyverno.github.io/policy-reporter
  version: 3.9.1
digest: sha256:bd3dde73f4ab086649c5ad506625fd673e6b13fd14d7cd5d0fc90686e9d22017
generated: "2026-07-27T04:42:42.720368743Z"
